
Microsoft Visual Studio Solution File, Format Version 12.00
# Visual Studio Version 17
VisualStudioVersion = 17.0.31903.59
MinimumVisualStudioVersion = 10.0.40219.1
Project("{2150E333-8FDC-42A3-9474-1A3956D46DE8}") = "src", "src", "{827E0CD3-B72D-47B6-A68D-7590B98EB39B}"
EndProject
Project("{2150E333-8FDC-42A3-9474-1A3956D46DE8}") = "Services", "Services", "{984BB9B3-3FA3-BE33-9484-CAC21695A33C}"
EndProject
Project("{FAE04EC0-301F-11D3-BF4B-00C04F79EFBC}") = "Gateway.API", "src\Services\Gateway.API\Gateway.API.csproj", "{8A985F3A-2F1A-4C64-B2A0-66B95A56DC4D}"
EndProject
Project("{FAE04EC0-301F-11D3-BF4B-00C04F79EFBC}") = "Notification.API", "src\Services\Notification.API\Notification.API.csproj", "{5385C9C5-2A67-4E7B-BE0F-62E95F0DD37D}"
EndProject
Global
	GlobalSection(SolutionConfigurationPlatforms) = preSolution
		Debug|Any CPU = Debug|Any CPU
		Debug|x64 = Debug|x64
		Debug|x86 = Debug|x86
		Release|Any CPU = Release|Any CPU
		Release|x64 = Release|x64
		Release|x86 = Release|x86
	EndGlobalSection
	GlobalSection(ProjectConfigurationPlatforms) = postSolution
		{8A985F3A-2F1A-4C64-B2A0-66B95A56DC4D}.Debug|Any CPU.ActiveCfg = Debug|Any CPU
		{8A985F3A-2F1A-4C64-B2A0-66B95A56DC4D}.Debug|Any CPU.Build.0 = Debug|Any CPU
		{8A985F3A-2F1A-4C64-B2A0-66B95A56DC4D}.Debug|x64.ActiveCfg = Debug|Any CPU
		{8A985F3A-2F1A-4C64-B2A0-66B95A56DC4D}.Debug|x64.Build.0 = Debug|Any CPU
		{8A985F3A-2F1A-4C64-B2A0-66B95A56DC4D}.Debug|x86.ActiveCfg = Debug|Any CPU
		{8A985F3A-2F1A-4C64-B2A0-66B95A56DC4D}.Debug|x86.Build.0 = Debug|Any CPU
		{8A985F3A-2F1A-4C64-B2A0-66B95A56DC4D}.Release|Any CPU.ActiveCfg = Release|Any CPU
		{8A985F3A-2F1A-4C64-B2A0-66B95A56DC4D}.Release|Any CPU.Build.0 = Release|Any CPU
		{8A985F3A-2F1A-4C64-B2A0-66B95A56DC4D}.Release|x64.ActiveCfg = Release|Any CPU
		{8A985F3A-2F1A-4C64-B2A0-66B95A56DC4D}.Release|x64.Build.0 = Release|Any CPU
		{8A985F3A-2F1A-4C64-B2A0-66B95A56DC4D}.Release|x86.ActiveCfg = Release|Any CPU
		{8A985F3A-2F1A-4C64-B2A0-66B95A56DC4D}.Release|x86.Build.0 = Release|Any CPU
		{5385C9C5-2A67-4E7B-BE0F-62E95F0DD37D}.Debug|Any CPU.ActiveCfg = Debug|Any CPU
		{5385C9C5-2A67-4E7B-BE0F-62E95F0DD37D}.Debug|Any CPU.Build.0 = Debug|Any CPU
		{5385C9C5-2A67-4E7B-BE0F-62E95F0DD37D}.Debug|x64.ActiveCfg = Debug|Any CPU
		{5385C9C5-2A67-4E7B-BE0F-62E95F0DD37D}.Debug|x64.Build.0 = Debug|Any CPU
		{5385C9C5-2A67-4E7B-BE0F-62E95F0DD37D}.Debug|x86.ActiveCfg = Debug|Any CPU
		{5385C9C5-2A67-4E7B-BE0F-62E95F0DD37D}.Debug|x86.Build.0 = Debug|Any CPU
		{5385C9C5-2A67-4E7B-BE0F-62E95F0DD37D}.Release|Any CPU.ActiveCfg = Release|Any CPU
		{5385C9C5-2A67-4E7B-BE0F-62E95F0DD37D}.Release|Any CPU.Build.0 = Release|Any CPU
		{5385C9C5-2A67-4E7B-BE0F-62E95F0DD37D}.Release|x64.ActiveCfg = Release|Any CPU
		{5385C9C5-2A67-4E7B-BE0F-62E95F0DD37D}.Release|x64.Build.0 = Release|Any CPU
		{5385C9C5-2A67-4E7B-BE0F-62E95F0DD37D}.Release|x86.ActiveCfg = Release|Any CPU
		{5385C9C5-2A67-4E7B-BE0F-62E95F0DD37D}.Release|x86.Build.0 = Release|Any CPU
	EndGlobalSection
	GlobalSection(SolutionProperties) = preSolution
		HideSolutionNode = FALSE
	EndGlobalSection
	GlobalSection(NestedProjects) = preSolution
		{984BB9B3-3FA3-BE33-9484-CAC21695A33C} = {827E0CD3-B72D-47B6-A68D-7590B98EB39B}
		{8A985F3A-2F1A-4C64-B2A0-66B95A56DC4D} = {984BB9B3-3FA3-BE33-9484-CAC21695A33C}
		{5385C9C5-2A67-4E7B-BE0F-62E95F0DD37D} = {984BB9B3-3FA3-BE33-9484-CAC21695A33C}
	EndGlobalSection
EndGlobal
